
Microsoft Visual Studio Solution File, Format Version 12.00
# Visual Studio Version 16
VisualStudioVersion = 16.0.30225.117
MinimumVisualStudioVersion = 10.0.40219.1
Project("{2150E333-8FDC-42A3-9474-1A3956D46DE8}") = "MB", "MB", "{5CF6933E-ED70-4002-8A99-2CBD8C4C7527}"
EndProject
Project("{9A19103F-16F7-4668-BE54-9A1E7A4F7556}") = "MB.Utilities", "MB\Utilities\MB.Utilities.csproj", "{5EEFE9A7-7F27-4236-9288-70938F283110}"
EndProject
Project("{2150E333-8FDC-42A3-9474-1A3956D46DE8}") = "Solution Items", "Solution Items", "{44EAE478-CE84-4597-AEAA-A9070B89308D}"
	ProjectSection(SolutionItems) = preProject
		Directory.Build.props = Directory.Build.props
		Directory.Build.props.tokens = Directory.Build.props.tokens
		README.md = README.md
	EndProjectSection
EndProject
Project("{2150E333-8FDC-42A3-9474-1A3956D46DE8}") = "build", "build", "{BF1C2C90-B373-44E6-A489-B7230954380B}"
	ProjectSection(SolutionItems) = preProject
		build\MB-pr.yml = build\MB-pr.yml
		build\MB.yml = build\MB.yml
	EndProjectSection
EndProject
Project("{2150E333-8FDC-42A3-9474-1A3956D46DE8}") = "steps", "steps", "{56038AEF-2863-433B-B817-BE0D1518B5AE}"
	ProjectSection(SolutionItems) = preProject
		build\steps\merge-arm-templates.yml = build\steps\merge-arm-templates.yml
		build\steps\package-api-as-appservice.yml = build\steps\package-api-as-appservice.yml
		build\steps\package-microservice-as-continuous-webjob.yml = build\steps\package-microservice-as-continuous-webjob.yml
	EndProjectSection
EndProject
Project("{9A19103F-16F7-4668-BE54-9A1E7A4F7556}") = "MB.Messaging", "MB\Messaging\MB.Messaging.csproj", "{C127685E-D003-4FB7-8F51-63CBD6C9AA45}"
EndProject
Project("{2150E333-8FDC-42A3-9474-1A3956D46DE8}") = "Component", "Component", "{7A32471F-6D0A-41C8-8318-567D78E83332}"
EndProject
Project("{2150E333-8FDC-42A3-9474-1A3956D46DE8}") = "Client", "Client", "{5A06D8ED-4410-4EF9-8155-C737D97AB755}"
EndProject
Project("{2150E333-8FDC-42A3-9474-1A3956D46DE8}") = "Gateway", "Gateway", "{D690EFBA-BDBF-4083-BCE5-6E3B621808C5}"
EndProject
Project("{9A19103F-16F7-4668-BE54-9A1E7A4F7556}") = "MB.Client.Gateway.Service", "MB\Component\Client\Gateway\MB.Client.Gateway.Service.csproj", "{E4B442C0-7187-48DA-BBBE-69D12853A6BD}"
EndProject
Project("{2150E333-8FDC-42A3-9474-1A3956D46DE8}") = "Manager", "Manager", "{7ABF0B86-AED2-4C3C-BAB2-19B8247F77DA}"
EndProject
Project("{2150E333-8FDC-42A3-9474-1A3956D46DE8}") = "Message1", "Message1", "{6E27BBA3-AED4-452F-9B02-8B4D7FA061B4}"
EndProject
Project("{9A19103F-16F7-4668-BE54-9A1E7A4F7556}") = "MB.Manager.Message1.Interface", "MB\Component\Manager\Message1\Interface\MB.Manager.Message1.Interface.csproj", "{85171F18-D5B8-4889-BA66-C3C43EEF03A5}"
EndProject
Project("{9A19103F-16F7-4668-BE54-9A1E7A4F7556}") = "MB.Manager.Message1.Proxy", "MB\Component\Manager\Message1\Proxy\MB.Manager.Message1.Proxy.csproj", "{E68B3C6B-D295-46C4-881D-E768E1F64BB4}"
EndProject
Project("{9A19103F-16F7-4668-BE54-9A1E7A4F7556}") = "MB.Manager.Message1.Service", "MB\Component\Manager\Message1\Service\MB.Manager.Message1.Service.csproj", "{3203872E-A09A-46C2-8973-B2A9CDFDC5B6}"
EndProject
Project("{2150E333-8FDC-42A3-9474-1A3956D46DE8}") = "Message2", "Message2", "{F8574DBC-3219-489F-A449-676096C93747}"
EndProject
Project("{9A19103F-16F7-4668-BE54-9A1E7A4F7556}") = "MB.Manager.Message2.Interface", "MB\Component\Manager\Message2\Interface\MB.Manager.Message2.Interface.csproj", "{A12FD225-437B-4C0A-AC70-DA7A3EF81CE3}"
EndProject
Project("{9A19103F-16F7-4668-BE54-9A1E7A4F7556}") = "MB.Manager.Message2.Proxy", "MB\Component\Manager\Message2\Proxy\MB.Manager.Message2.Proxy.csproj", "{4DE2506C-A060-4AD6-8E69-5B2FD730B489}"
EndProject
Project("{9A19103F-16F7-4668-BE54-9A1E7A4F7556}") = "MB.Manager.Message2.Service", "MB\Component\Manager\Message2\Service\MB.Manager.Message2.Service.csproj", "{C64AD4BF-69B2-4587-B816-66D3E184BD48}"
EndProject
Project("{2150E333-8FDC-42A3-9474-1A3956D46DE8}") = "Microservice", "Microservice", "{F2E4F167-44FF-47B3-9E82-EACBBA3BC368}"
EndProject
Project("{2150E333-8FDC-42A3-9474-1A3956D46DE8}") = "Message1", "Message1", "{BBB5305E-C787-4C3E-8A8E-CE5E7EC70891}"
EndProject
Project("{9A19103F-16F7-4668-BE54-9A1E7A4F7556}") = "MB.Microservice.Message1.WebJob", "MB\Microservice\Message1\WebJob\MB.Microservice.Message1.WebJob.csproj", "{BC80DE74-6067-4C9C-A786-AA1A56D8471C}"
EndProject
Project("{2150E333-8FDC-42A3-9474-1A3956D46DE8}") = "Message2", "Message2", "{2B9FC5F2-6D64-4700-9AF8-D96327A7F632}"
EndProject
Project("{9A19103F-16F7-4668-BE54-9A1E7A4F7556}") = "MB.Microservice.Message2.WebJob", "MB\Microservice\Message2\WebJob\MB.Microservice.Message2.WebJob.csproj", "{6FACFDF3-E2D6-47A4-9C06-65DE03490753}"
EndProject
Project("{9A19103F-16F7-4668-BE54-9A1E7A4F7556}") = "MB.Client.Gateway.Interface", "MB\Component\Client\Interface\MB.Client.Gateway.Interface.csproj", "{75D745A7-BA7D-4E7D-ADB4-DCC8FF50116D}"
EndProject
Project("{2150E333-8FDC-42A3-9474-1A3956D46DE8}") = "DesktopApp", "DesktopApp", "{DEE9873B-9AD1-4EC0-9D7E-5FE0F8DB1081}"
EndProject
Project("{9A19103F-16F7-4668-BE54-9A1E7A4F7556}") = "MB.Client.Desktop.App", "MB\Component\Client\DesktopApp\MB.Client.Desktop.App.csproj", "{4B57F832-A488-4858-89E3-79FC3B68C99C}"
EndProject
Project("{9A19103F-16F7-4668-BE54-9A1E7A4F7556}") = "MB.Client.Web.App", "MB\Component\Client\WebApp\MB.Client.Web.App.csproj", "{84AE74EB-B60A-41EF-9B02-15EBF736576A}"
EndProject
Project("{2150E333-8FDC-42A3-9474-1A3956D46DE8}") = "WebApp", "WebApp", "{95F562C6-10BF-4967-97C7-E852208F6C1F}"
EndProject
Project("{2150E333-8FDC-42A3-9474-1A3956D46DE8}") = "Access", "Access", "{00F1F9A0-E2CE-4F96-B2E4-8D870A2B8559}"
EndProject
Project("{2150E333-8FDC-42A3-9474-1A3956D46DE8}") = "Tenant", "Tenant", "{B1298891-474A-417E-B47F-DF1EFA6F8215}"
EndProject
Project("{FAE04EC0-301F-11D3-BF4B-00C04F79EFBC}") = "MB.Access.Tenant.Interface", "MB\Component\Access\Interface\MB.Access.Tenant.Interface.csproj", "{1829B33A-7554-45CC-8B94-3E2B8745C7FB}"
EndProject
Project("{FAE04EC0-301F-11D3-BF4B-00C04F79EFBC}") = "MB.Access.Tenant.Service", "MB\Component\Access\Service\MB.Access.Tenant.Service.csproj", "{21CCCCF1-C07A-4CB9-B0DD-E619D63C5D9D}"
EndProject
Project("{FAE04EC0-301F-11D3-BF4B-00C04F79EFBC}") = "MB.Access.Tenant.Database", "MB\Component\Access\Database\MB.Access.Tenant.Database.csproj", "{2F6CDA40-D8D7-4268-AB6E-D4D0CE695638}"
EndProject
Global
	GlobalSection(SolutionConfigurationPlatforms) = preSolution
		Debug|Any CPU = Debug|Any CPU
		Debug|x64 = Debug|x64
		Release|Any CPU = Release|Any CPU
		Release|x64 = Release|x64
	EndGlobalSection
	GlobalSection(ProjectConfigurationPlatforms) = postSolution
		{5EEFE9A7-7F27-4236-9288-70938F283110}.Debug|Any CPU.ActiveCfg = Debug|Any CPU
		{5EEFE9A7-7F27-4236-9288-70938F283110}.Debug|Any CPU.Build.0 = Debug|Any CPU
		{5EEFE9A7-7F27-4236-9288-70938F283110}.Debug|x64.ActiveCfg = Debug|x64
		{5EEFE9A7-7F27-4236-9288-70938F283110}.Debug|x64.Build.0 = Debug|x64
		{5EEFE9A7-7F27-4236-9288-70938F283110}.Release|Any CPU.ActiveCfg = Release|Any CPU
		{5EEFE9A7-7F27-4236-9288-70938F283110}.Release|Any CPU.Build.0 = Release|Any CPU
		{5EEFE9A7-7F27-4236-9288-70938F283110}.Release|x64.ActiveCfg = Release|x64
		{5EEFE9A7-7F27-4236-9288-70938F283110}.Release|x64.Build.0 = Release|x64
		{C127685E-D003-4FB7-8F51-63CBD6C9AA45}.Debug|Any CPU.ActiveCfg = Debug|Any CPU
		{C127685E-D003-4FB7-8F51-63CBD6C9AA45}.Debug|Any CPU.Build.0 = Debug|Any CPU
		{C127685E-D003-4FB7-8F51-63CBD6C9AA45}.Debug|x64.ActiveCfg = Debug|x64
		{C127685E-D003-4FB7-8F51-63CBD6C9AA45}.Debug|x64.Build.0 = Debug|x64
		{C127685E-D003-4FB7-8F51-63CBD6C9AA45}.Release|Any CPU.ActiveCfg = Release|Any CPU
		{C127685E-D003-4FB7-8F51-63CBD6C9AA45}.Release|Any CPU.Build.0 = Release|Any CPU
		{C127685E-D003-4FB7-8F51-63CBD6C9AA45}.Release|x64.ActiveCfg = Release|x64
		{C127685E-D003-4FB7-8F51-63CBD6C9AA45}.Release|x64.Build.0 = Release|x64
		{E4B442C0-7187-48DA-BBBE-69D12853A6BD}.Debug|Any CPU.ActiveCfg = Debug|Any CPU
		{E4B442C0-7187-48DA-BBBE-69D12853A6BD}.Debug|Any CPU.Build.0 = Debug|Any CPU
		{E4B442C0-7187-48DA-BBBE-69D12853A6BD}.Debug|x64.ActiveCfg = Debug|x64
		{E4B442C0-7187-48DA-BBBE-69D12853A6BD}.Debug|x64.Build.0 = Debug|x64
		{E4B442C0-7187-48DA-BBBE-69D12853A6BD}.Release|Any CPU.ActiveCfg = Release|Any CPU
		{E4B442C0-7187-48DA-BBBE-69D12853A6BD}.Release|Any CPU.Build.0 = Release|Any CPU
		{E4B442C0-7187-48DA-BBBE-69D12853A6BD}.Release|x64.ActiveCfg = Release|x64
		{E4B442C0-7187-48DA-BBBE-69D12853A6BD}.Release|x64.Build.0 = Release|x64
		{85171F18-D5B8-4889-BA66-C3C43EEF03A5}.Debug|Any CPU.ActiveCfg = Debug|Any CPU
		{85171F18-D5B8-4889-BA66-C3C43EEF03A5}.Debug|Any CPU.Build.0 = Debug|Any CPU
		{85171F18-D5B8-4889-BA66-C3C43EEF03A5}.Debug|x64.ActiveCfg = Debug|x64
		{85171F18-D5B8-4889-BA66-C3C43EEF03A5}.Debug|x64.Build.0 = Debug|x64
		{85171F18-D5B8-4889-BA66-C3C43EEF03A5}.Release|Any CPU.ActiveCfg = Release|Any CPU
		{85171F18-D5B8-4889-BA66-C3C43EEF03A5}.Release|Any CPU.Build.0 = Release|Any CPU
		{85171F18-D5B8-4889-BA66-C3C43EEF03A5}.Release|x64.ActiveCfg = Release|x64
		{85171F18-D5B8-4889-BA66-C3C43EEF03A5}.Release|x64.Build.0 = Release|x64
		{E68B3C6B-D295-46C4-881D-E768E1F64BB4}.Debug|Any CPU.ActiveCfg = Debug|Any CPU
		{E68B3C6B-D295-46C4-881D-E768E1F64BB4}.Debug|Any CPU.Build.0 = Debug|Any CPU
		{E68B3C6B-D295-46C4-881D-E768E1F64BB4}.Debug|x64.ActiveCfg = Debug|x64
		{E68B3C6B-D295-46C4-881D-E768E1F64BB4}.Debug|x64.Build.0 = Debug|x64
		{E68B3C6B-D295-46C4-881D-E768E1F64BB4}.Release|Any CPU.ActiveCfg = Release|Any CPU
		{E68B3C6B-D295-46C4-881D-E768E1F64BB4}.Release|Any CPU.Build.0 = Release|Any CPU
		{E68B3C6B-D295-46C4-881D-E768E1F64BB4}.Release|x64.ActiveCfg = Release|x64
		{E68B3C6B-D295-46C4-881D-E768E1F64BB4}.Release|x64.Build.0 = Release|x64
		{3203872E-A09A-46C2-8973-B2A9CDFDC5B6}.Debug|Any CPU.ActiveCfg = Debug|Any CPU
		{3203872E-A09A-46C2-8973-B2A9CDFDC5B6}.Debug|Any CPU.Build.0 = Debug|Any CPU
		{3203872E-A09A-46C2-8973-B2A9CDFDC5B6}.Debug|x64.ActiveCfg = Debug|Any CPU
		{3203872E-A09A-46C2-8973-B2A9CDFDC5B6}.Debug|x64.Build.0 = Debug|Any CPU
		{3203872E-A09A-46C2-8973-B2A9CDFDC5B6}.Release|Any CPU.ActiveCfg = Release|Any CPU
		{3203872E-A09A-46C2-8973-B2A9CDFDC5B6}.Release|Any CPU.Build.0 = Release|Any CPU
		{3203872E-A09A-46C2-8973-B2A9CDFDC5B6}.Release|x64.ActiveCfg = Release|x64
		{3203872E-A09A-46C2-8973-B2A9CDFDC5B6}.Release|x64.Build.0 = Release|x64
		{A12FD225-437B-4C0A-AC70-DA7A3EF81CE3}.Debug|Any CPU.ActiveCfg = Debug|Any CPU
		{A12FD225-437B-4C0A-AC70-DA7A3EF81CE3}.Debug|Any CPU.Build.0 = Debug|Any CPU
		{A12FD225-437B-4C0A-AC70-DA7A3EF81CE3}.Debug|x64.ActiveCfg = Debug|x64
		{A12FD225-437B-4C0A-AC70-DA7A3EF81CE3}.Debug|x64.Build.0 = Debug|x64
		{A12FD225-437B-4C0A-AC70-DA7A3EF81CE3}.Release|Any CPU.ActiveCfg = Release|Any CPU
		{A12FD225-437B-4C0A-AC70-DA7A3EF81CE3}.Release|Any CPU.Build.0 = Release|Any CPU
		{A12FD225-437B-4C0A-AC70-DA7A3EF81CE3}.Release|x64.ActiveCfg = Release|x64
		{A12FD225-437B-4C0A-AC70-DA7A3EF81CE3}.Release|x64.Build.0 = Release|x64
		{4DE2506C-A060-4AD6-8E69-5B2FD730B489}.Debug|Any CPU.ActiveCfg = Debug|Any CPU
		{4DE2506C-A060-4AD6-8E69-5B2FD730B489}.Debug|Any CPU.Build.0 = Debug|Any CPU
		{4DE2506C-A060-4AD6-8E69-5B2FD730B489}.Debug|x64.ActiveCfg = Debug|x64
		{4DE2506C-A060-4AD6-8E69-5B2FD730B489}.Debug|x64.Build.0 = Debug|x64
		{4DE2506C-A060-4AD6-8E69-5B2FD730B489}.Release|Any CPU.ActiveCfg = Release|Any CPU
		{4DE2506C-A060-4AD6-8E69-5B2FD730B489}.Release|Any CPU.Build.0 = Release|Any CPU
		{4DE2506C-A060-4AD6-8E69-5B2FD730B489}.Release|x64.ActiveCfg = Release|x64
		{4DE2506C-A060-4AD6-8E69-5B2FD730B489}.Release|x64.Build.0 = Release|x64
		{C64AD4BF-69B2-4587-B816-66D3E184BD48}.Debug|Any CPU.ActiveCfg = Debug|Any CPU
		{C64AD4BF-69B2-4587-B816-66D3E184BD48}.Debug|Any CPU.Build.0 = Debug|Any CPU
		{C64AD4BF-69B2-4587-B816-66D3E184BD48}.Debug|x64.ActiveCfg = Debug|x64
		{C64AD4BF-69B2-4587-B816-66D3E184BD48}.Debug|x64.Build.0 = Debug|x64
		{C64AD4BF-69B2-4587-B816-66D3E184BD48}.Release|Any CPU.ActiveCfg = Release|Any CPU
		{C64AD4BF-69B2-4587-B816-66D3E184BD48}.Release|Any CPU.Build.0 = Release|Any CPU
		{C64AD4BF-69B2-4587-B816-66D3E184BD48}.Release|x64.ActiveCfg = Release|x64
		{C64AD4BF-69B2-4587-B816-66D3E184BD48}.Release|x64.Build.0 = Release|x64
		{BC80DE74-6067-4C9C-A786-AA1A56D8471C}.Debug|Any CPU.ActiveCfg = Debug|Any CPU
		{BC80DE74-6067-4C9C-A786-AA1A56D8471C}.Debug|Any CPU.Build.0 = Debug|Any CPU
		{BC80DE74-6067-4C9C-A786-AA1A56D8471C}.Debug|x64.ActiveCfg = Debug|Any CPU
		{BC80DE74-6067-4C9C-A786-AA1A56D8471C}.Debug|x64.Build.0 = Debug|Any CPU
		{BC80DE74-6067-4C9C-A786-AA1A56D8471C}.Release|Any CPU.ActiveCfg = Release|Any CPU
		{BC80DE74-6067-4C9C-A786-AA1A56D8471C}.Release|Any CPU.Build.0 = Release|Any CPU
		{BC80DE74-6067-4C9C-A786-AA1A56D8471C}.Release|x64.ActiveCfg = Release|x64
		{BC80DE74-6067-4C9C-A786-AA1A56D8471C}.Release|x64.Build.0 = Release|x64
		{6FACFDF3-E2D6-47A4-9C06-65DE03490753}.Debug|Any CPU.ActiveCfg = Debug|Any CPU
		{6FACFDF3-E2D6-47A4-9C06-65DE03490753}.Debug|Any CPU.Build.0 = Debug|Any CPU
		{6FACFDF3-E2D6-47A4-9C06-65DE03490753}.Debug|x64.ActiveCfg = Debug|x64
		{6FACFDF3-E2D6-47A4-9C06-65DE03490753}.Debug|x64.Build.0 = Debug|x64
		{6FACFDF3-E2D6-47A4-9C06-65DE03490753}.Release|Any CPU.ActiveCfg = Release|Any CPU
		{6FACFDF3-E2D6-47A4-9C06-65DE03490753}.Release|Any CPU.Build.0 = Release|Any CPU
		{6FACFDF3-E2D6-47A4-9C06-65DE03490753}.Release|x64.ActiveCfg = Release|x64
		{6FACFDF3-E2D6-47A4-9C06-65DE03490753}.Release|x64.Build.0 = Release|x64
		{75D745A7-BA7D-4E7D-ADB4-DCC8FF50116D}.Debug|Any CPU.ActiveCfg = Debug|Any CPU
		{75D745A7-BA7D-4E7D-ADB4-DCC8FF50116D}.Debug|Any CPU.Build.0 = Debug|Any CPU
		{75D745A7-BA7D-4E7D-ADB4-DCC8FF50116D}.Debug|x64.ActiveCfg = Debug|Any CPU
		{75D745A7-BA7D-4E7D-ADB4-DCC8FF50116D}.Debug|x64.Build.0 = Debug|Any CPU
		{75D745A7-BA7D-4E7D-ADB4-DCC8FF50116D}.Release|Any CPU.ActiveCfg = Release|Any CPU
		{75D745A7-BA7D-4E7D-ADB4-DCC8FF50116D}.Release|Any CPU.Build.0 = Release|Any CPU
		{75D745A7-BA7D-4E7D-ADB4-DCC8FF50116D}.Release|x64.ActiveCfg = Release|Any CPU
		{75D745A7-BA7D-4E7D-ADB4-DCC8FF50116D}.Release|x64.Build.0 = Release|Any CPU
		{4B57F832-A488-4858-89E3-79FC3B68C99C}.Debug|Any CPU.ActiveCfg = Debug|Any CPU
		{4B57F832-A488-4858-89E3-79FC3B68C99C}.Debug|Any CPU.Build.0 = Debug|Any CPU
		{4B57F832-A488-4858-89E3-79FC3B68C99C}.Debug|x64.ActiveCfg = Debug|Any CPU
		{4B57F832-A488-4858-89E3-79FC3B68C99C}.Debug|x64.Build.0 = Debug|Any CPU
		{4B57F832-A488-4858-89E3-79FC3B68C99C}.Release|Any CPU.ActiveCfg = Release|Any CPU
		{4B57F832-A488-4858-89E3-79FC3B68C99C}.Release|Any CPU.Build.0 = Release|Any CPU
		{4B57F832-A488-4858-89E3-79FC3B68C99C}.Release|x64.ActiveCfg = Release|Any CPU
		{4B57F832-A488-4858-89E3-79FC3B68C99C}.Release|x64.Build.0 = Release|Any CPU
		{84AE74EB-B60A-41EF-9B02-15EBF736576A}.Debug|Any CPU.ActiveCfg = Debug|Any CPU
		{84AE74EB-B60A-41EF-9B02-15EBF736576A}.Debug|Any CPU.Build.0 = Debug|Any CPU
		{84AE74EB-B60A-41EF-9B02-15EBF736576A}.Debug|x64.ActiveCfg = Debug|Any CPU
		{84AE74EB-B60A-41EF-9B02-15EBF736576A}.Debug|x64.Build.0 = Debug|Any CPU
		{84AE74EB-B60A-41EF-9B02-15EBF736576A}.Release|Any CPU.ActiveCfg = Release|Any CPU
		{84AE74EB-B60A-41EF-9B02-15EBF736576A}.Release|Any CPU.Build.0 = Release|Any CPU
		{84AE74EB-B60A-41EF-9B02-15EBF736576A}.Release|x64.ActiveCfg = Release|Any CPU
		{84AE74EB-B60A-41EF-9B02-15EBF736576A}.Release|x64.Build.0 = Release|Any CPU
		{1829B33A-7554-45CC-8B94-3E2B8745C7FB}.Debug|Any CPU.ActiveCfg = Debug|Any CPU
		{1829B33A-7554-45CC-8B94-3E2B8745C7FB}.Debug|Any CPU.Build.0 = Debug|Any CPU
		{1829B33A-7554-45CC-8B94-3E2B8745C7FB}.Debug|x64.ActiveCfg = Debug|Any CPU
		{1829B33A-7554-45CC-8B94-3E2B8745C7FB}.Debug|x64.Build.0 = Debug|Any CPU
		{1829B33A-7554-45CC-8B94-3E2B8745C7FB}.Release|Any CPU.ActiveCfg = Release|Any CPU
		{1829B33A-7554-45CC-8B94-3E2B8745C7FB}.Release|Any CPU.Build.0 = Release|Any CPU
		{1829B33A-7554-45CC-8B94-3E2B8745C7FB}.Release|x64.ActiveCfg = Release|Any CPU
		{1829B33A-7554-45CC-8B94-3E2B8745C7FB}.Release|x64.Build.0 = Release|Any CPU
		{21CCCCF1-C07A-4CB9-B0DD-E619D63C5D9D}.Debug|Any CPU.ActiveCfg = Debug|Any CPU
		{21CCCCF1-C07A-4CB9-B0DD-E619D63C5D9D}.Debug|Any CPU.Build.0 = Debug|Any CPU
		{21CCCCF1-C07A-4CB9-B0DD-E619D63C5D9D}.Debug|x64.ActiveCfg = Debug|Any CPU
		{21CCCCF1-C07A-4CB9-B0DD-E619D63C5D9D}.Debug|x64.Build.0 = Debug|Any CPU
		{21CCCCF1-C07A-4CB9-B0DD-E619D63C5D9D}.Release|Any CPU.ActiveCfg = Release|Any CPU
		{21CCCCF1-C07A-4CB9-B0DD-E619D63C5D9D}.Release|Any CPU.Build.0 = Release|Any CPU
		{21CCCCF1-C07A-4CB9-B0DD-E619D63C5D9D}.Release|x64.ActiveCfg = Release|Any CPU
		{21CCCCF1-C07A-4CB9-B0DD-E619D63C5D9D}.Release|x64.Build.0 = Release|Any CPU
		{2F6CDA40-D8D7-4268-AB6E-D4D0CE695638}.Debug|Any CPU.ActiveCfg = Debug|Any CPU
		{2F6CDA40-D8D7-4268-AB6E-D4D0CE695638}.Debug|Any CPU.Build.0 = Debug|Any CPU
		{2F6CDA40-D8D7-4268-AB6E-D4D0CE695638}.Debug|x64.ActiveCfg = Debug|Any CPU
		{2F6CDA40-D8D7-4268-AB6E-D4D0CE695638}.Debug|x64.Build.0 = Debug|Any CPU
		{2F6CDA40-D8D7-4268-AB6E-D4D0CE695638}.Release|Any CPU.ActiveCfg = Release|Any CPU
		{2F6CDA40-D8D7-4268-AB6E-D4D0CE695638}.Release|Any CPU.Build.0 = Release|Any CPU
		{2F6CDA40-D8D7-4268-AB6E-D4D0CE695638}.Release|x64.ActiveCfg = Release|Any CPU
		{2F6CDA40-D8D7-4268-AB6E-D4D0CE695638}.Release|x64.Build.0 = Release|Any CPU
	EndGlobalSection
	GlobalSection(SolutionProperties) = preSolution
		HideSolutionNode = FALSE
	EndGlobalSection
	GlobalSection(NestedProjects) = preSolution
		{5EEFE9A7-7F27-4236-9288-70938F283110} = {5CF6933E-ED70-4002-8A99-2CBD8C4C7527}
		{BF1C2C90-B373-44E6-A489-B7230954380B} = {44EAE478-CE84-4597-AEAA-A9070B89308D}
		{56038AEF-2863-433B-B817-BE0D1518B5AE} = {BF1C2C90-B373-44E6-A489-B7230954380B}
		{C127685E-D003-4FB7-8F51-63CBD6C9AA45} = {5CF6933E-ED70-4002-8A99-2CBD8C4C7527}
		{7A32471F-6D0A-41C8-8318-567D78E83332} = {5CF6933E-ED70-4002-8A99-2CBD8C4C7527}
		{5A06D8ED-4410-4EF9-8155-C737D97AB755} = {7A32471F-6D0A-41C8-8318-567D78E83332}
		{D690EFBA-BDBF-4083-BCE5-6E3B621808C5} = {5A06D8ED-4410-4EF9-8155-C737D97AB755}
		{E4B442C0-7187-48DA-BBBE-69D12853A6BD} = {D690EFBA-BDBF-4083-BCE5-6E3B621808C5}
		{7ABF0B86-AED2-4C3C-BAB2-19B8247F77DA} = {7A32471F-6D0A-41C8-8318-567D78E83332}
		{6E27BBA3-AED4-452F-9B02-8B4D7FA061B4} = {7ABF0B86-AED2-4C3C-BAB2-19B8247F77DA}
		{85171F18-D5B8-4889-BA66-C3C43EEF03A5} = {6E27BBA3-AED4-452F-9B02-8B4D7FA061B4}
		{E68B3C6B-D295-46C4-881D-E768E1F64BB4} = {6E27BBA3-AED4-452F-9B02-8B4D7FA061B4}
		{3203872E-A09A-46C2-8973-B2A9CDFDC5B6} = {6E27BBA3-AED4-452F-9B02-8B4D7FA061B4}
		{F8574DBC-3219-489F-A449-676096C93747} = {7ABF0B86-AED2-4C3C-BAB2-19B8247F77DA}
		{A12FD225-437B-4C0A-AC70-DA7A3EF81CE3} = {F8574DBC-3219-489F-A449-676096C93747}
		{4DE2506C-A060-4AD6-8E69-5B2FD730B489} = {F8574DBC-3219-489F-A449-676096C93747}
		{C64AD4BF-69B2-4587-B816-66D3E184BD48} = {F8574DBC-3219-489F-A449-676096C93747}
		{F2E4F167-44FF-47B3-9E82-EACBBA3BC368} = {5CF6933E-ED70-4002-8A99-2CBD8C4C7527}
		{BBB5305E-C787-4C3E-8A8E-CE5E7EC70891} = {F2E4F167-44FF-47B3-9E82-EACBBA3BC368}
		{BC80DE74-6067-4C9C-A786-AA1A56D8471C} = {BBB5305E-C787-4C3E-8A8E-CE5E7EC70891}
		{2B9FC5F2-6D64-4700-9AF8-D96327A7F632} = {F2E4F167-44FF-47B3-9E82-EACBBA3BC368}
		{6FACFDF3-E2D6-47A4-9C06-65DE03490753} = {2B9FC5F2-6D64-4700-9AF8-D96327A7F632}
		{75D745A7-BA7D-4E7D-ADB4-DCC8FF50116D} = {D690EFBA-BDBF-4083-BCE5-6E3B621808C5}
		{DEE9873B-9AD1-4EC0-9D7E-5FE0F8DB1081} = {5A06D8ED-4410-4EF9-8155-C737D97AB755}
		{4B57F832-A488-4858-89E3-79FC3B68C99C} = {DEE9873B-9AD1-4EC0-9D7E-5FE0F8DB1081}
		{84AE74EB-B60A-41EF-9B02-15EBF736576A} = {95F562C6-10BF-4967-97C7-E852208F6C1F}
		{95F562C6-10BF-4967-97C7-E852208F6C1F} = {5A06D8ED-4410-4EF9-8155-C737D97AB755}
		{00F1F9A0-E2CE-4F96-B2E4-8D870A2B8559} = {7A32471F-6D0A-41C8-8318-567D78E83332}
		{B1298891-474A-417E-B47F-DF1EFA6F8215} = {00F1F9A0-E2CE-4F96-B2E4-8D870A2B8559}
		{1829B33A-7554-45CC-8B94-3E2B8745C7FB} = {B1298891-474A-417E-B47F-DF1EFA6F8215}
		{21CCCCF1-C07A-4CB9-B0DD-E619D63C5D9D} = {B1298891-474A-417E-B47F-DF1EFA6F8215}
		{2F6CDA40-D8D7-4268-AB6E-D4D0CE695638} = {B1298891-474A-417E-B47F-DF1EFA6F8215}
	EndGlobalSection
	GlobalSection(ExtensibilityGlobals) = postSolution
		SolutionGuid = {2C5BB944-E0A5-46A9-9941-358EE751E716}
	EndGlobalSection
EndGlobal
