{
  "version": 1,
  "dependencies": {
    ".NETCoreApp,Version=v3.1": {
      "Microsoft.AspNetCore.SpaServices.Extensions": {
        "type": "Direct",
        "requested": "[3.1.7, )",
        "resolved": "3.1.7",
        "contentHash": "avSGyrRPLaRbVdbEKDANRw7KGwZ2g8r/lWSlhELeGlWhuz99LMet8cpsXJeqq2hWcwJ2ZmnL7StNn6tCGJtukA==",
        "dependencies": {
          "Microsoft.AspNetCore.SpaServices": "3.1.7",
          "Microsoft.Extensions.FileProviders.Physical": "3.1.7"
        }
      },
      "Microsoft.AspNetCore.NodeServices": {
        "type": "Transitive",
        "resolved": "3.1.7",
        "contentHash": "JrDTykwIAdQBbakPMHbbyh6tPJdcQmza+RBKrCK6Dtyk3HL6lqcLIL739WVqrwU21Py3WZtqYwNmn+5yvrYung==",
        "dependencies": {
          "Microsoft.Extensions.Logging.Console": "3.1.7",
          "Newtonsoft.Json": "12.0.2"
        }
      },
      "Microsoft.AspNetCore.SpaServices": {
        "type": "Transitive",
        "resolved": "3.1.7",
        "contentHash": "BOkdx8FChFq9l3ZJqSirp6iuhtTeKjCYcvxFT32lQGeNOU594NnV8XU3f13aSGUhI/6AsqMPwuliWlUA2RpSSg==",
        "dependencies": {
          "Microsoft.AspNetCore.NodeServices": "3.1.7"
        }
      },
      "Microsoft.Extensions.Configuration": {
        "type": "Transitive",
        "resolved": "3.1.7",
        "contentHash": "JCVsQYNZNGeLXWMw6tkCZ8Wa2IQKF9AiLKeq9Ff2XvGJTMzhYEHAzF/FvHdeBBhPiOf+Kl1t6mdcHL93kUz6MA==",
        "dependencies": {
          "Microsoft.Extensions.Configuration.Abstractions": "3.1.7"
        }
      },
      "Microsoft.Extensions.Configuration.Abstractions": {
        "type": "Transitive",
        "resolved": "3.1.7",
        "contentHash": "WJEbrrIgly95D9rM8Gwr4w8sbYla6/iOcCZ0UE7+Qg/Q8NnQJwAJ60Lq1A26zbNE8Fm1fkbGU90LDl8e+BoRSQ==",
        "dependencies": {
          "Microsoft.Extensions.Primitives": "3.1.7"
        }
      },
      "Microsoft.Extensions.Configuration.Binder": {
        "type": "Transitive",
        "resolved": "3.1.7",
        "contentHash": "FYQ64i7DwYO6XDdOFi+VkoRDDzel570I+X/vTYt6mVJWNj1SAstXwZ71P5d6P2Cei+cT950NiScOwj4F8EUeTA==",
        "dependencies": {
          "Microsoft.Extensions.Configuration": "3.1.7"
        }
      },
      "Microsoft.Extensions.DependencyInjection": {
        "type": "Transitive",
        "resolved": "3.1.7",
        "contentHash": "yp38AFc5tJQZkjINjXBcxq+dANU06lo27D84duitZthtRPsgKJL87uf9RWRsDdRsWd+kXflmdMWFLKFjyKx6Pw==",
        "dependencies": {
          "Microsoft.Extensions.DependencyInjection.Abstractions": "3.1.7"
        }
      },
      "Microsoft.Extensions.DependencyInjection.Abstractions": {
        "type": "Transitive",
        "resolved": "3.1.7",
        "contentHash": "oKL2yNtTN1/cOp+cbdyv5TeLzO+GkO9B3fvbcPzKWTNCkDoH3ccYS3FWC1p4KSYe9frW4WsyfSTeM8X+xftOig=="
      },
      "Microsoft.Extensions.FileProviders.Abstractions": {
        "type": "Transitive",
        "resolved": "3.1.7",
        "contentHash": "nasMSdDlIIBcKgGVHoZdFSmfUY1bI0zkvfZTsWLlEFcMCVD0fzcgsVlkeZTzPLJV0w7Uwq3okOgMWpU1nFEhxg==",
        "dependencies": {
          "Microsoft.Extensions.Primitives": "3.1.7"
        }
      },
      "Microsoft.Extensions.FileProviders.Physical": {
        "type": "Transitive",
        "resolved": "3.1.7",
        "contentHash": "mo21yJfL3oGCjC/rcwdbs2z4KGL9R5BvTfwYR31ueyg3l77i9oPCryMtlSZ4TvpI5duENNEpZyzcpaycqERdZQ==",
        "dependencies": {
          "Microsoft.Extensions.FileProviders.Abstractions": "3.1.7",
          "Microsoft.Extensions.FileSystemGlobbing": "3.1.7"
        }
      },
      "Microsoft.Extensions.FileSystemGlobbing": {
        "type": "Transitive",
        "resolved": "3.1.7",
        "contentHash": "Cenv9mtZdSZ9u09rGYl3ejMB19gIOdRryXk/rYEzQsyrBTTuNzmRHwtHdy640P08DL1Rdu+0z/s2lpvFbZV8Hw=="
      },
      "Microsoft.Extensions.Logging": {
        "type": "Transitive",
        "resolved": "3.1.7",
        "contentHash": "p68Hvr8S+t+bGUeXRX6wcjlkK961w0YRXWy8O6pkTsucdNpnzB8mwLIgcnQ7oj0biw8S1Ftv4PREzPIwo1UwpA==",
        "dependencies": {
          "Microsoft.Extensions.Configuration.Binder": "3.1.7",
          "Microsoft.Extensions.DependencyInjection": "3.1.7",
          "Microsoft.Extensions.Logging.Abstractions": "3.1.7",
          "Microsoft.Extensions.Options": "3.1.7"
        }
      },
      "Microsoft.Extensions.Logging.Abstractions": {
        "type": "Transitive",
        "resolved": "3.1.7",
        "contentHash": "oD7LQbMuaqq/yAz8PKX0hl4+H/vDFTQHo8rxbKB36P1/bG8FG7JUVKBoHkSt1MaJUtgyiHrH1AlAhaucKUKyEg=="
      },
      "Microsoft.Extensions.Logging.Configuration": {
        "type": "Transitive",
        "resolved": "3.1.7",
        "contentHash": "lfV0JUsVb/AyYWoZpsn2vmJe+C1hO34FlPh1YDNIpgHbpmK4IbQpGkcjQ2MPyFohJUHmscB9tST5J3xfTYIQEQ==",
        "dependencies": {
          "Microsoft.Extensions.Logging": "3.1.7",
          "Microsoft.Extensions.Options.ConfigurationExtensions": "3.1.7"
        }
      },
      "Microsoft.Extensions.Logging.Console": {
        "type": "Transitive",
        "resolved": "3.1.7",
        "contentHash": "rbFWSXzxP9eMzEiFJsOgxc7I8Wy+gJjkl2ROR3KHD0mCQzBjnJ1VR4Dsu5k1AIThwPbC+WoOzMjqNe0Jwxvwpg==",
        "dependencies": {
          "Microsoft.Extensions.Configuration.Abstractions": "3.1.7",
          "Microsoft.Extensions.Logging": "3.1.7",
          "Microsoft.Extensions.Logging.Configuration": "3.1.7"
        }
      },
      "Microsoft.Extensions.Options": {
        "type": "Transitive",
        "resolved": "3.1.7",
        "contentHash": "O5TXu1D79hbaZuKCIK4mswSP86MtmiIQjuOZnVhPdbjOVILsoQwZUtnmU2xRfX1E0QWuFEI0umhw3mDDn6dNHw==",
        "dependencies": {
          "Microsoft.Extensions.DependencyInjection.Abstractions": "3.1.7",
          "Microsoft.Extensions.Primitives": "3.1.7"
        }
      },
      "Microsoft.Extensions.Options.ConfigurationExtensions": {
        "type": "Transitive",
        "resolved": "3.1.7",
        "contentHash": "VYW5bmNoNM852QmWvlPS1iktEZ4loGCfcoP0/UASpsjOZejGAvk0XTRdwh1DFv6AvWT0NYitdbx4y3Sqigr42g==",
        "dependencies": {
          "Microsoft.Extensions.Configuration.Abstractions": "3.1.7",
          "Microsoft.Extensions.Configuration.Binder": "3.1.7",
          "Microsoft.Extensions.DependencyInjection.Abstractions": "3.1.7",
          "Microsoft.Extensions.Options": "3.1.7"
        }
      },
      "Microsoft.Extensions.Primitives": {
        "type": "Transitive",
        "resolved": "3.1.7",
        "contentHash": "sa17s3vDAXTuIVGxuJcK713i0B0iaUoiwY4Sl2SLHhMqM8snznn0YVGiZAVkoKEUFWjvIg1Z/JNmAicBamI4mg=="
      },
      "Newtonsoft.Json": {
        "type": "Transitive",
        "resolved": "12.0.2",
        "contentHash": "rTK0s2EKlfHsQsH6Yx2smvcTCeyoDNgCW7FEYyV01drPlh2T243PR2DiDXqtC5N4GDm4Ma/lkxfW5a/4793vbA=="
      }
    }
  }
}